
Microsoft Visual Studio Solution File, Format Version 12.00
# Visual Studio 2012
Project("{FAE04EC0-301F-11D3-BF4B-00C04F79EFBC}") = "Dz.CMS.Web", "Dz.CMS.Web\Dz.CMS.Web.csproj", "{62578203-4442-4244-8AB7-05D64F2326CE}"
EndProject
Project("{FAE04EC0-301F-11D3-BF4B-00C04F79EFBC}") = "Dz.CMS.Web.Tests", "Dz.CMS.Web.Tests\Dz.CMS.Web.Tests.csproj", "{5B494D73-B629-4600-9365-EB8984392F02}"
EndProject
Project("{FAE04EC0-301F-11D3-BF4B-00C04F79EFBC}") = "Dz.CMS.Services", "Dz.CMS.Services\Dz.CMS.Services.csproj", "{A4BBCEBA-B346-481A-9C19-CF12FBAA9C82}"
EndProject
Project("{FAE04EC0-301F-11D3-BF4B-00C04F79EFBC}") = "Dz.CMS.Model", "Dz.CMS.Model\Dz.CMS.Model.csproj", "{A2C40529-9BC0-4359-9AC6-AE72755A9A47}"
EndProject
Project("{FAE04EC0-301F-11D3-BF4B-00C04F79EFBC}") = "Dz.CMS.DAO", "Dz.CMS.DAO\Dz.CMS.DAO.csproj", "{BBCF59F4-7DAE-4646-AD76-4B7666CA4DC1}"
EndProject
Project("{FAE04EC0-301F-11D3-BF4B-00C04F79EFBC}") = "ConsoleTest", "ConsoleTest\ConsoleTest.csproj", "{0FF8E9BC-B17B-4308-93A4-75BF79501637}"
EndProject
Project("{FAE04EC0-301F-11D3-BF4B-00C04F79EFBC}") = "Dz.Log", "Dz.Log\Dz.Log.csproj", "{58543134-400D-430C-8094-92A57B3C2390}"
EndProject
Project("{FAE04EC0-301F-11D3-BF4B-00C04F79EFBC}") = "Dz.Web.Mvc", "Dz.Web.Mvc\Dz.Web.Mvc.csproj", "{16D0193F-45F0-45DA-B0A7-6B33796884AF}"
EndProject
Global
	GlobalSection(SolutionConfigurationPlatforms) = preSolution
		Debug|Any CPU = Debug|Any CPU
		Release|Any CPU = Release|Any CPU
	EndGlobalSection
	GlobalSection(ProjectConfigurationPlatforms) = postSolution
		{62578203-4442-4244-8AB7-05D64F2326CE}.Debug|Any CPU.ActiveCfg = Debug|Any CPU
		{62578203-4442-4244-8AB7-05D64F2326CE}.Debug|Any CPU.Build.0 = Debug|Any CPU
		{62578203-4442-4244-8AB7-05D64F2326CE}.Release|Any CPU.ActiveCfg = Release|Any CPU
		{62578203-4442-4244-8AB7-05D64F2326CE}.Release|Any CPU.Build.0 = Release|Any CPU
		{5B494D73-B629-4600-9365-EB8984392F02}.Debug|Any CPU.ActiveCfg = Debug|Any CPU
		{5B494D73-B629-4600-9365-EB8984392F02}.Debug|Any CPU.Build.0 = Debug|Any CPU
		{5B494D73-B629-4600-9365-EB8984392F02}.Release|Any CPU.ActiveCfg = Release|Any CPU
		{5B494D73-B629-4600-9365-EB8984392F02}.Release|Any CPU.Build.0 = Release|Any CPU
		{A4BBCEBA-B346-481A-9C19-CF12FBAA9C82}.Debug|Any CPU.ActiveCfg = Debug|Any CPU
		{A4BBCEBA-B346-481A-9C19-CF12FBAA9C82}.Debug|Any CPU.Build.0 = Debug|Any CPU
		{A4BBCEBA-B346-481A-9C19-CF12FBAA9C82}.Release|Any CPU.ActiveCfg = Release|Any CPU
		{A4BBCEBA-B346-481A-9C19-CF12FBAA9C82}.Release|Any CPU.Build.0 = Release|Any CPU
		{A2C40529-9BC0-4359-9AC6-AE72755A9A47}.Debug|Any CPU.ActiveCfg = Debug|Any CPU
		{A2C40529-9BC0-4359-9AC6-AE72755A9A47}.Debug|Any CPU.Build.0 = Debug|Any CPU
		{A2C40529-9BC0-4359-9AC6-AE72755A9A47}.Release|Any CPU.ActiveCfg = Release|Any CPU
		{A2C40529-9BC0-4359-9AC6-AE72755A9A47}.Release|Any CPU.Build.0 = Release|Any CPU
		{BBCF59F4-7DAE-4646-AD76-4B7666CA4DC1}.Debug|Any CPU.ActiveCfg = Debug|Any CPU
		{BBCF59F4-7DAE-4646-AD76-4B7666CA4DC1}.Debug|Any CPU.Build.0 = Debug|Any CPU
		{BBCF59F4-7DAE-4646-AD76-4B7666CA4DC1}.Release|Any CPU.ActiveCfg = Release|Any CPU
		{BBCF59F4-7DAE-4646-AD76-4B7666CA4DC1}.Release|Any CPU.Build.0 = Release|Any CPU
		{0FF8E9BC-B17B-4308-93A4-75BF79501637}.Debug|Any CPU.ActiveCfg = Debug|Any CPU
		{0FF8E9BC-B17B-4308-93A4-75BF79501637}.Debug|Any CPU.Build.0 = Debug|Any CPU
		{0FF8E9BC-B17B-4308-93A4-75BF79501637}.Release|Any CPU.ActiveCfg = Release|Any CPU
		{0FF8E9BC-B17B-4308-93A4-75BF79501637}.Release|Any CPU.Build.0 = Release|Any CPU
		{58543134-400D-430C-8094-92A57B3C2390}.Debug|Any CPU.ActiveCfg = Debug|Any CPU
		{58543134-400D-430C-8094-92A57B3C2390}.Debug|Any CPU.Build.0 = Debug|Any CPU
		{58543134-400D-430C-8094-92A57B3C2390}.Release|Any CPU.ActiveCfg = Release|Any CPU
		{58543134-400D-430C-8094-92A57B3C2390}.Release|Any CPU.Build.0 = Release|Any CPU
		{16D0193F-45F0-45DA-B0A7-6B33796884AF}.Debug|Any CPU.ActiveCfg = Debug|Any CPU
		{16D0193F-45F0-45DA-B0A7-6B33796884AF}.Debug|Any CPU.Build.0 = Debug|Any CPU
		{16D0193F-45F0-45DA-B0A7-6B33796884AF}.Release|Any CPU.ActiveCfg = Release|Any CPU
		{16D0193F-45F0-45DA-B0A7-6B33796884AF}.Release|Any CPU.Build.0 = Release|Any CPU
	EndGlobalSection
	GlobalSection(SolutionProperties) = preSolution
		HideSolutionNode = FALSE
	EndGlobalSection
EndGlobal
